// !$*UTF8*$!
{
	archiveVersion = 1;
	classes = {
	};
	objectVersion = 51;
	objects = {

/* Begin PBXBuildFile section */
		18C3461723D3F63200282A6D /* AppDelegate.swift in Sources */ = {isa = PBXBuildFile; fileRef = 18C3461623D3F63200282A6D /* AppDelegate.swift */; };
		18C3461923D3F63200282A6D /* SceneDelegate.swift in Sources */ = {isa = PBXBuildFile; fileRef = 18C3461823D3F63200282A6D /* SceneDelegate.swift */; };
		18C3461B23D3F63200282A6D /* ViewController.swift in Sources */ = {isa = PBXBuildFile; fileRef = 18C3461A23D3F63200282A6D /* ViewController.swift */; };
		18C3461E23D3F63200282A6D /* Main.storyboard in Resources */ = {isa = PBXBuildFile; fileRef = 18C3461C23D3F63200282A6D /* Main.storyboard */; };
		18C3462023D3F63300282A6D /* Assets.xcassets in Resources */ = {isa = PBXBuildFile; fileRef = 18C3461F23D3F63300282A6D /* Assets.xcassets */; };
		18C3462323D3F63300282A6D /* LaunchScreen.storyboard in Resources */ = {isa = PBXBuildFile; fileRef = 18C3462123D3F63300282A6D /* LaunchScreen.storyboard */; };
		18C3462B23D3FE7B00282A6D /* Info.swift in Sources */ = {isa = PBXBuildFile; fileRef = 18C3462A23D3FE7B00282A6D /* Info.swift */; };
		49A48D860AF00ECE06A3C8C6 /* Pods_ChartFive.framework in Frameworks */ = {isa = PBXBuildFile; fileRef = D4848AD1B5BCF1E37D2A91F1 /* Pods_ChartFive.framework */; };
/* End PBXBuildFile section */

/* Begin PBXFileReference section */
		18C3461323D3F63200282A6D /* ChartFive.app */ = {isa = PBXFileReference; explicitFileType = wrapper.application; includeInIndex = 0; path = ChartFive.app; sourceTree = BUILT_PRODUCTS_DIR; };
		18C3461623D3F63200282A6D /* AppDelegate.swift */ = {isa = PBXFileReference; lastKnownFileType = sourcecode.swift; path = AppDelegate.swift; sourceTree = "<group>"; };
		18C3461823D3F63200282A6D /* SceneDelegate.swift */ = {isa = PBXFileReference; lastKnownFileType = sourcecode.swift; path = SceneDelegate.swift; sourceTree = "<group>"; };
		18C3461A23D3F63200282A6D /* ViewController.swift */ = {isa = PBXFileReference; lastKnownFileType = sourcecode.swift; path = ViewController.swift; sourceTree = "<group>"; };
		18C3461D23D3F63200282A6D /* Base */ = {isa = PBXFileReference; lastKnownFileType = file.storyboard; name = Base; path = Base.lproj/Main.storyboard; sourceTree = "<group>"; };
		18C3461F23D3F63300282A6D /* Assets.xcassets */ = {isa = PBXFileReference; lastKnownFileType = folder.assetcatalog; path = Assets.xcassets; sourceTree = "<group>"; };
		18C3462223D3F63300282A6D /* Base */ = {isa = PBXFileReference; lastKnownFileType = file.storyboard; name = Base; path = Base.lproj/LaunchScreen.storyboard; sourceTree = "<group>"; };
		18C3462423D3F63300282A6D /* Info.plist */ = {isa = PBXFileReference; lastKnownFileType = text.plist.xml; path = Info.plist; sourceTree = "<group>"; };
		18C3462A23D3FE7B00282A6D /* Info.swift */ = {isa = PBXFileReference; lastKnownFileType = sourcecode.swift; path = Info.swift; sourceTree = "<group>"; };
		44C1DF93F7CE818FDAFD0E33 /* Pods-ChartFive.debug.xcconfig */ = {isa = PBXFileReference; includeInIndex = 1; lastKnownFileType = text.xcconfig; name = "Pods-ChartFive.debug.xcconfig"; path = "Target Support Files/Pods-ChartFive/Pods-ChartFive.debug.xcconfig"; sourceTree = "<group>"; };
		4FE36E186DF0D2F3AA1D5020 /* Pods-ChartFive.release.xcconfig */ = {isa = PBXFileReference; includeInIndex = 1; lastKnownFileType = text.xcconfig; name = "Pods-ChartFive.release.xcconfig"; path = "Target Support Files/Pods-ChartFive/Pods-ChartFive.release.xcconfig"; sourceTree = "<group>"; };
		D4848AD1B5BCF1E37D2A91F1 /* Pods_ChartFive.framework */ = {isa = PBXFileReference; explicitFileType = wrapper.framework; includeInIndex = 0; path = Pods_ChartFive.framework; sourceTree = BUILT_PRODUCTS_DIR; };
/* End PBXFileReference section */

/* Begin PBXFrameworksBuildPhase section */
		18C3461023D3F63200282A6D /* Frameworks */ = {
			isa = PBXFrameworksBuildPhase;
			buildActionMask = 2147483647;
			files = (
				49A48D860AF00ECE06A3C8C6 /* Pods_ChartFive.framework in Frameworks */,
			);
			runOnlyForDeploymentPostprocessing = 0;
		};
/* End PBXFrameworksBuildPhase section */

/* Begin PBXGroup section */
		18C3460A23D3F63200282A6D = {
			isa = PBXGroup;
			children = (
				18C3461523D3F63200282A6D /* ChartFive */,
				18C3461423D3F63200282A6D /* Products */,
				2539D03E893C24B1C836402B /* Pods */,
				F48606077C67C970EE321F3A /* Frameworks */,
			);
			sourceTree = "<group>";
		};
		18C3461423D3F63200282A6D /* Products */ = {
			isa = PBXGroup;
			children = (
				18C3461323D3F63200282A6D /* ChartFive.app */,
			);
			name = Products;
			sourceTree = "<group>";
		};
		18C3461523D3F63200282A6D /* ChartFive */ = {
			isa = PBXGroup;
			children = (
				18C3461623D3F63200282A6D /* AppDelegate.swift */,
				18C3461823D3F63200282A6D /* SceneDelegate.swift */,
				18C3461A23D3F63200282A6D /* ViewController.swift */,
				18C3462A23D3FE7B00282A6D /* Info.swift */,
				18C3461C23D3F63200282A6D /* Main.storyboard */,
				18C3461F23D3F63300282A6D /* Assets.xcassets */,
				18C3462123D3F63300282A6D /* LaunchScreen.storyboard */,
				18C3462423D3F63300282A6D /* Info.plist */,
			);
			path = ChartFive;
			sourceTree = "<group>";
		};
		2539D03E893C24B1C836402B /* Pods */ = {
			isa = PBXGroup;
			children = (
				44C1DF93F7CE818FDAFD0E33 /* Pods-ChartFive.debug.xcconfig */,
				4FE36E186DF0D2F3AA1D5020 /* Pods-ChartFive.release.xcconfig */,
			);
			path = Pods;
			sourceTree = "<group>";
		};
		F48606077C67C970EE321F3A /* Frameworks */ = {
			isa = PBXGroup;
			children = (
				D4848AD1B5BCF1E37D2A91F1 /* Pods_ChartFive.framework */,
			);
			name = Frameworks;
			sourceTree = "<group>";
		};
/* End PBXGroup section */

/* Begin PBXNativeTarget section */
		18C3461223D3F63200282A6D /* ChartFive */ = {
			isa = PBXNativeTarget;
			buildConfigurationList = 18C3462723D3F63300282A6D /* Build configuration list for PBXNativeTarget "ChartFive" */;
			buildPhases = (
				E060E4FED620AF32C13563D7 /* [CP] Check Pods Manifest.lock */,
				18C3460F23D3F63200282A6D /* Sources */,
				18C3461023D3F63200282A6D /* Frameworks */,
				18C3461123D3F63200282A6D /* Resources */,
				72EB161A143A91FF235F96F0 /* [CP] Embed Pods Frameworks */,
			);
			buildRules = (
			);
			dependencies = (
			);
			name = ChartFive;
			productName = ChartFive;
			productReference = 18C3461323D3F63200282A6D /* ChartFive.app */;
			productType = "com.apple.product-type.application";
		};
/* End PBXNativeTarget section */

/* Begin PBXProject section */
		18C3460B23D3F63200282A6D /* Project object */ = {
			isa = PBXProject;
			attributes = {
				LastSwiftUpdateCheck = 1110;
				LastUpgradeCheck = 1110;
				ORGANIZATIONNAME = JeongminKim;
				TargetAttributes = {
					18C3461223D3F63200282A6D = {
						CreatedOnToolsVersion = 11.1;
					};
				};
			};
			buildConfigurationList = 18C3460E23D3F63200282A6D /* Build configuration list for PBXProject "ChartFive" */;
			compatibilityVersion = "Xcode 9.3";
			developmentRegion = en;
			hasScannedForEncodings = 0;
			knownRegions = (
				en,
				Base,
			);
			mainGroup = 18C3460A23D3F63200282A6D;
			productRefGroup = 18C3461423D3F63200282A6D /* Products */;
			projectDirPath = "";
			projectRoot = "";
			targets = (
				18C3461223D3F63200282A6D /* ChartFive */,
			);
		};
/* End PBXProject section */

/* Begin PBXResourcesBuildPhase section */
		18C3461123D3F63200282A6D /* Resources */ = {
			isa = PBXResourcesBuildPhase;
			buildActionMask = 2147483647;
			files = (
				18C3462323D3F63300282A6D /* LaunchScreen.storyboard in Resources */,
				18C3462023D3F63300282A6D /* Assets.xcassets in Resources */,
				18C3461E23D3F63200282A6D /* Main.storyboard in Resources */,
			);
			runOnlyForDeploymentPostprocessing = 0;
		};
/* End PBXResourcesBuildPhase section */

/* Begin PBXShellScriptBuildPhase section */
		72EB161A143A91FF235F96F0 /* [CP] Embed Pods Frameworks */ = {
			isa = PBXShellScriptBuildPhase;
			buildActionMask = 2147483647;
			files = (
			);
			inputFileListPaths = (
				"${PODS_ROOT}/Target Support Files/Pods-ChartFive/Pods-ChartFive-frameworks-${CONFIGURATION}-input-files.xcfilelist",
			);
			name = "[CP] Embed Pods Frameworks";
			outputFileListPaths = (
				"${PODS_ROOT}/Target Support Files/Pods-ChartFive/Pods-ChartFive-frameworks-${CONFIGURATION}-output-files.xcfilelist",
			);
			runOnlyForDeploymentPostprocessing = 0;
			shellPath = /bin/sh;
			shellScript = "\"${PODS_ROOT}/Target Support Files/Pods-ChartFive/Pods-ChartFive-frameworks.sh\"\n";
			showEnvVarsInLog = 0;
		};
		E060E4FED620AF32C13563D7 /* [CP] Check Pods Manifest.lock */ = {
			isa = PBXShellScriptBuildPhase;
			buildActionMask = 2147483647;
			files = (
			);
			inputFileListPaths = (
			);
			inputPaths = (
				"${PODS_PODFILE_DIR_PATH}/Podfile.lock",
				"${PODS_ROOT}/Manifest.lock",
			);
			name = "[CP] Check Pods Manifest.lock";
			outputFileListPaths = (
			);
			outputPaths = (
				"$(DERIVED_FILE_DIR)/Pods-ChartFive-checkManifestLockResult.txt",
			);
			runOnlyForDeploymentPostprocessing = 0;
			shellPath = /bin/sh;
			shellScript = "diff \"${PODS_PODFILE_DIR_PATH}/Podfile.lock\" \"${PODS_ROOT}/Manifest.lock\" > /dev/null\nif [ $? != 0 ] ; then\n    # print error to STDERR\n    echo \"error: The sandbox is not in sync with the Podfile.lock. Run 'pod install' or update your CocoaPods installation.\" >&2\n    exit 1\nfi\n# This output is used by Xcode 'outputs' to avoid re-running this script phase.\necho \"SUCCESS\" > \"${SCRIPT_OUTPUT_FILE_0}\"\n";
			showEnvVarsInLog = 0;
		};
/* End PBXShellScriptBuildPhase section */

/* Begin PBXSourcesBuildPhase section */
		18C3460F23D3F63200282A6D /* Sources */ = {
			isa = PBXSourcesBuildPhase;
			buildActionMask = 2147483647;
			files = (
				18C3461B23D3F63200282A6D /* ViewController.swift in Sources */,
				18C3462B23D3FE7B00282A6D /* Info.swift in Sources */,
				18C3461723D3F63200282A6D /* AppDelegate.swift in Sources */,
				18C3461923D3F63200282A6D /* SceneDelegate.swift in Sources */,
			);
			runOnlyForDeploymentPostprocessing = 0;
		};
/* End PBXSourcesBuildPhase section */

/* Begin PBXVariantGroup section */
		18C3461C23D3F63200282A6D /* Main.storyboard */ = {
			isa = PBXVariantGroup;
			children = (
				18C3461D23D3F63200282A6D /* Base */,
			);
			name = Main.storyboard;
			sourceTree = "<group>";
		};
		18C3462123D3F63300282A6D /* LaunchScreen.storyboard */ = {
			isa = PBXVariantGroup;
			children = (
				18C3462223D3F63300282A6D /* Base */,
			);
			name = LaunchScreen.storyboard;
			sourceTree = "<group>";
		};
/* End PBXVariantGroup section */

/* Begin XCBuildConfiguration section */
		18C3462523D3F63300282A6D /* Debug */ = {
			isa = XCBuildConfiguration;
			buildSettings = {
				ALWAYS_SEARCH_USER_PATHS = NO;
				CLANG_ANALYZER_NONNULL = YES;
				CLANG_ANALYZER_NUMBER_OBJECT_CONVERSION = YES_AGGRESSIVE;
				CLANG_CXX_LANGUAGE_STANDARD = "gnu++14";
				CLANG_CXX_LIBRARY = "libc++";
				CLANG_ENABLE_MODULES = YES;
				CLANG_ENABLE_OBJC_ARC = YES;
				CLANG_ENABLE_OBJC_WEAK = YES;
				CLANG_WARN_BLOCK_CAPTURE_AUTORELEASING = YES;
				CLANG_WARN_BOOL_CONVERSION = YES;
				CLANG_WARN_COMMA = YES;
				CLANG_WARN_CONSTANT_CONVERSION = YES;
				CLANG_WARN_DEPRECATED_OBJC_IMPLEMENTATIONS = YES;
				CLANG_WARN_DIRECT_OBJC_ISA_USAGE = YES_ERROR;
				CLANG_WARN_DOCUMENTATION_COMMENTS = YES;
				CLANG_WARN_EMPTY_BODY = YES;
				CLANG_WARN_ENUM_CONVERSION = YES;
				CLANG_WARN_INFINITE_RECURSION = YES;
				CLANG_WARN_INT_CONVERSION = YES;
				CLANG_WARN_NON_LITERAL_NULL_CONVERSION = YES;
				CLANG_WARN_OBJC_IMPLICIT_RETAIN_SELF = YES;
				CLANG_WARN_OBJC_LITERAL_CONVERSION = YES;
				CLANG_WARN_OBJC_ROOT_CLASS = YES_ERROR;
				CLANG_WARN_RANGE_LOOP_ANALYSIS = YES;
				CLANG_WARN_STRICT_PROTOTYPES = YES;
				CLANG_WARN_SUSPICIOUS_MOVE = YES;
				CLANG_WARN_UNGUARDED_AVAILABILITY = YES_AGGRESSIVE;
				CLANG_WARN_UNREACHABLE_CODE = YES;
				CLANG_WARN__DUPLICATE_METHOD_MATCH = YES;
				COPY_PHASE_STRIP = NO;
				DEBUG_INFORMATION_FORMAT = dwarf;
				ENABLE_STRICT_OBJC_MSGSEND = YES;
				ENABLE_TESTABILITY = YES;
				GCC_C_LANGUAGE_STANDARD = gnu11;
				GCC_DYNAMIC_NO_PIC = NO;
				GCC_NO_COMMON_BLOCKS = YES;
				GCC_OPTIMIZATION_LEVEL = 0;
				GCC_PREPROCESSOR_DEFINITIONS = (
					"DEBUG=1",
					"$(inherited)",
				);
				GCC_WARN_64_TO_32_BIT_CONVERSION = YES;
				GCC_WARN_ABOUT_RETURN_TYPE = YES_ERROR;
				GCC_WARN_UNDECLARED_SELECTOR = YES;
				GCC_WARN_UNINITIALIZED_AUTOS = YES_AGGRESSIVE;
				GCC_WARN_UNUSED_FUNCTION = YES;
				GCC_WARN_UNUSED_VARIABLE = YES;
				IPHONEOS_DEPLOYMENT_TARGET = 13.1;
				MTL_ENABLE_DEBUG_INFO = INCLUDE_SOURCE;
				MTL_FAST_MATH = YES;
				ONLY_ACTIVE_ARCH = YES;
				SDKROOT = iphoneos;
				SWIFT_ACTIVE_COMPILATION_CONDITIONS = DEBUG;
				SWIFT_OPTIMIZATION_LEVEL = "-Onone";
			};
			name = Debug;
		};
		18C3462623D3F63300282A6D /* Release */ = {
			isa = XCBuildConfiguration;
			buildSettings = {
				ALWAYS_SEARCH_USER_PATHS = NO;
				CLANG_ANALYZER_NONNULL = YES;
				CLANG_ANALYZER_NUMBER_OBJECT_CONVERSION = YES_AGGRESSIVE;
				CLANG_CXX_LANGUAGE_STANDARD = "gnu++14";
				CLANG_CXX_LIBRARY = "libc++";
				CLANG_ENABLE_MODULES = YES;
				CLANG_ENABLE_OBJC_ARC = YES;
				CLANG_ENABLE_OBJC_WEAK = YES;
				CLANG_WARN_BLOCK_CAPTURE_AUTORELEASING = YES;
				CLANG_WARN_BOOL_CONVERSION = YES;
				CLANG_WARN_COMMA = YES;
				CLANG_WARN_CONSTANT_CONVERSION = YES;
				CLANG_WARN_DEPRECATED_OBJC_IMPLEMENTATIONS = YES;
				CLANG_WARN_DIRECT_OBJC_ISA_USAGE = YES_ERROR;
				CLANG_WARN_DOCUMENTATION_COMMENTS = YES;
				CLANG_WARN_EMPTY_BODY = YES;
				CLANG_WARN_ENUM_CONVERSION = YES;
				CLANG_WARN_INFINITE_RECURSION = YES;
				CLANG_WARN_INT_CONVERSION = YES;
				CLANG_WARN_NON_LITERAL_NULL_CONVERSION = YES;
				CLANG_WARN_OBJC_IMPLICIT_RETAIN_SELF = YES;
				CLANG_WARN_OBJC_LITERAL_CONVERSION = YES;
				CLANG_WARN_OBJC_ROOT_CLASS = YES_ERROR;
				CLANG_WARN_RANGE_LOOP_ANALYSIS = YES;
				CLANG_WARN_STRICT_PROTOTYPES = YES;
				CLANG_WARN_SUSPICIOUS_MOVE = YES;
				CLANG_WARN_UNGUARDED_AVAILABILITY = YES_AGGRESSIVE;
				CLANG_WARN_UNREACHABLE_CODE = YES;
				CLANG_WARN__DUPLICATE_METHOD_MATCH = YES;
				COPY_PHASE_STRIP = NO;
				DEBUG_INFORMATION_FORMAT = "dwarf-with-dsym";
				ENABLE_NS_ASSERTIONS = NO;
				ENABLE_STRICT_OBJC_MSGSEND = YES;
				GCC_C_LANGUAGE_STANDARD = gnu11;
				GCC_NO_COMMON_BLOCKS = YES;
				GCC_WARN_64_TO_32_BIT_CONVERSION = YES;
				GCC_WARN_ABOUT_RETURN_TYPE = YES_ERROR;
				GCC_WARN_UNDECLARED_SELECTOR = YES;
				GCC_WARN_UNINITIALIZED_AUTOS = YES_AGGRESSIVE;
				GCC_WARN_UNUSED_FUNCTION = YES;
				GCC_WARN_UNUSED_VARIABLE = YES;
				IPHONEOS_DEPLOYMENT_TARGET = 13.1;
				MTL_ENABLE_DEBUG_INFO = NO;
				MTL_FAST_MATH = YES;
				SDKROOT = iphoneos;
				SWIFT_COMPILATION_MODE = wholemodule;
				SWIFT_OPTIMIZATION_LEVEL = "-O";
				VALIDATE_PRODUCT = YES;
			};
			name = Release;
		};
		18C3462823D3F63300282A6D /* Debug */ = {
			isa = XCBuildConfiguration;
			baseConfigurationReference = 44C1DF93F7CE818FDAFD0E33 /* Pods-ChartFive.debug.xcconfig */;
			buildSettings = {
				ASSETCATALOG_COMPILER_APPICON_NAME = AppIcon;
				CODE_SIGN_STYLE = Automatic;
				DEVELOPMENT_TEAM = 4FTFKXF8N5;
				INFOPLIST_FILE = ChartFive/Info.plist;
				LD_RUNPATH_SEARCH_PATHS = (
					"$(inherited)",
					"@executable_path/Frameworks",
				);
				PRODUCT_BUNDLE_IDENTIFIER = com.JeongminKim.ChartFive;
				PRODUCT_NAME = "$(TARGET_NAME)";
				SWIFT_VERSION = 5.0;
				TARGETED_DEVICE_FAMILY = "1,2";
			};
			name = Debug;
		};
		18C3462923D3F63300282A6D /* Release */ = {
			isa = XCBuildConfiguration;
			baseConfigurationReference = 4FE36E186DF0D2F3AA1D5020 /* Pods-ChartFive.release.xcconfig */;
			buildSettings = {
				ASSETCATALOG_COMPILER_APPICON_NAME = AppIcon;
				CODE_SIGN_STYLE = Automatic;
				DEVELOPMENT_TEAM = 4FTFKXF8N5;
				INFOPLIST_FILE = ChartFive/Info.plist;
				LD_RUNPATH_SEARCH_PATHS = (
					"$(inherited)",
					"@executable_path/Frameworks",
				);
				PRODUCT_BUNDLE_IDENTIFIER = com.JeongminKim.ChartFive;
				PRODUCT_NAME = "$(TARGET_NAME)";
				SWIFT_VERSION = 5.0;
				TARGETED_DEVICE_FAMILY = "1,2";
			};
			name = Release;
		};
/* End XCBuildConfiguration section */

/* Begin XCConfigurationList section */
		18C3460E23D3F63200282A6D /* Build configuration list for PBXProject "ChartFive" */ = {
			isa = XCConfigurationList;
			buildConfigurations = (
				18C3462523D3F63300282A6D /* Debug */,
				18C3462623D3F63300282A6D /* Release */,
			);
			defaultConfigurationIsVisible = 0;
			defaultConfigurationName = Release;
		};
		18C3462723D3F63300282A6D /* Build configuration list for PBXNativeTarget "ChartFive" */ = {
			isa = XCConfigurationList;
			buildConfigurations = (
				18C3462823D3F63300282A6D /* Debug */,
				18C3462923D3F63300282A6D /* Release */,
			);
			defaultConfigurationIsVisible = 0;
			defaultConfigurationName = Release;
		};
/* End XCConfigurationList section */
	};
	rootObject = 18C3460B23D3F63200282A6D /* Project object */;
}
